
Microsoft Visual Studio Solution File, Format Version 12.00
# Visual Studio Version 16
VisualStudioVersion = 16.0.29613.14
MinimumVisualStudioVersion = 10.0.40219.1
Project("{FAE04EC0-301F-11D3-BF4B-00C04F79EFBC}") = "ASP-Final-System", "ASP-Final-System\ASP-Final-System.csproj", "{3ECB2BA8-6ED5-46F0-8ADD-AB1705F532F7}"
EndProject
Global
	GlobalSection(SolutionConfigurationPlatforms) = preSolution
		Debug|Any CPU = Debug|Any CPU
		Release|Any CPU = Release|Any CPU
	EndGlobalSection
	GlobalSection(ProjectConfigurationPlatforms) = postSolution
		{3ECB2BA8-6ED5-46F0-8ADD-AB1705F532F7}.Debug|Any CPU.ActiveCfg = Debug|Any CPU
		{3ECB2BA8-6ED5-46F0-8ADD-AB1705F532F7}.Debug|Any CPU.Build.0 = Debug|Any CPU
		{3ECB2BA8-6ED5-46F0-8ADD-AB1705F532F7}.Release|Any CPU.ActiveCfg = Release|Any CPU
		{3ECB2BA8-6ED5-46F0-8ADD-AB1705F532F7}.Release|Any CPU.Build.0 = Release|Any CPU
	EndGlobalSection
	GlobalSection(SolutionProperties) = preSolution
		HideSolutionNode = FALSE
	EndGlobalSection
	GlobalSection(ExtensibilityGlobals) = postSolution
		SolutionGuid = {B6755A1E-5C1E-4F0F-AA96-FDF826FD5FA2}
	EndGlobalSection
EndGlobal
